
Microsoft Visual Studio Solution File, Format Version 12.00
# Visual Studio Version 17
VisualStudioVersion = 17.4.33103.184
MinimumVisualStudioVersion = 10.0.40219.1
Project("{FAE04EC0-301F-11D3-BF4B-00C04F79EFBC}") = "fileUploadTuts", "fileUploadTuts\fileUploadTuts.csproj", "{A5D458CF-0E00-4E21-A794-3788AD08D8EB}"
EndProject
Global
	GlobalSection(SolutionConfigurationPlatforms) = preSolution
		Debug|Any CPU = Debug|Any CPU
		Release|Any CPU = Release|Any CPU
	EndGlobalSection
	GlobalSection(ProjectConfigurationPlatforms) = postSolution
		{A5D458CF-0E00-4E21-A794-3788AD08D8EB}.Debug|Any CPU.ActiveCfg = Debug|Any CPU
		{A5D458CF-0E00-4E21-A794-3788AD08D8EB}.Debug|Any CPU.Build.0 = Debug|Any CPU
		{A5D458CF-0E00-4E21-A794-3788AD08D8EB}.Release|Any CPU.ActiveCfg = Release|Any CPU
		{A5D458CF-0E00-4E21-A794-3788AD08D8EB}.Release|Any CPU.Build.0 = Release|Any CPU
	EndGlobalSection
	GlobalSection(SolutionProperties) = preSolution
		HideSolutionNode = FALSE
	EndGlobalSection
	GlobalSection(ExtensibilityGlobals) = postSolution
		SolutionGuid = {8319437B-060E-4FCA-9C41-A826F4FD56D4}
	EndGlobalSection
EndGlobal
